# This file was autogenerated by Stack.
# You should not edit this file by hand.
# For more information, please see the documentation at:
#   https://docs.haskellstack.org/en/stable/lock_files

packages: []
snapshots:
- completed:
    size: 531284
    url: https://raw.githubusercontent.com/commercialhaskell/stackage-snapshots/master/nightly/2020/9/15.yaml
    sha256: 2cd80aed020d3fb71592ef3137bfb3ee7a530a43e3162468e1e26b6e230b7713
  original: nightly-2020-09-15
